
Microsoft Visual Studio Solution File, Format Version 12.00
# Visual Studio Version 17
VisualStudioVersion = 17.11.35303.130
MinimumVisualStudioVersion = 10.0.40219.1
Project("{8BC9CEB8-8B4A-11D0-8D11-00A0C91BC942}") = "Lab_10.2B", "Lab_10.2B\Lab_10.2B.vcxproj", "{2347836E-3ED4-40A4-AB60-C1BECA4654DF}"
EndProject
Project("{8BC9CEB8-8B4A-11D0-8D11-00A0C91BC942}") = "UnitTest102", "UnitTest102\UnitTest102.vcxproj", "{1ED36231-E441-4D83-B8E4-11AE28F43101}"
EndProject
Global
	GlobalSection(SolutionConfigurationPlatforms) = preSolution
		Debug|x64 = Debug|x64
		Debug|x86 = Debug|x86
		Release|x64 = Release|x64
		Release|x86 = Release|x86
	EndGlobalSection
	GlobalSection(ProjectConfigurationPlatforms) = postSolution
		{2347836E-3ED4-40A4-AB60-C1BECA4654DF}.Debug|x64.ActiveCfg = Debug|x64
		{2347836E-3ED4-40A4-AB60-C1BECA4654DF}.Debug|x64.Build.0 = Debug|x64
		{2347836E-3ED4-40A4-AB60-C1BECA4654DF}.Debug|x86.ActiveCfg = Debug|Win32
		{2347836E-3ED4-40A4-AB60-C1BECA4654DF}.Debug|x86.Build.0 = Debug|Win32
		{2347836E-3ED4-40A4-AB60-C1BECA4654DF}.Release|x64.ActiveCfg = Release|x64
		{2347836E-3ED4-40A4-AB60-C1BECA4654DF}.Release|x64.Build.0 = Release|x64
		{2347836E-3ED4-40A4-AB60-C1BECA4654DF}.Release|x86.ActiveCfg = Release|Win32
		{2347836E-3ED4-40A4-AB60-C1BECA4654DF}.Release|x86.Build.0 = Release|Win32
		{1ED36231-E441-4D83-B8E4-11AE28F43101}.Debug|x64.ActiveCfg = Debug|x64
		{1ED36231-E441-4D83-B8E4-11AE28F43101}.Debug|x64.Build.0 = Debug|x64
		{1ED36231-E441-4D83-B8E4-11AE28F43101}.Debug|x86.ActiveCfg = Debug|Win32
		{1ED36231-E441-4D83-B8E4-11AE28F43101}.Debug|x86.Build.0 = Debug|Win32
		{1ED36231-E441-4D83-B8E4-11AE28F43101}.Release|x64.ActiveCfg = Release|x64
		{1ED36231-E441-4D83-B8E4-11AE28F43101}.Release|x64.Build.0 = Release|x64
		{1ED36231-E441-4D83-B8E4-11AE28F43101}.Release|x86.ActiveCfg = Release|Win32
		{1ED36231-E441-4D83-B8E4-11AE28F43101}.Release|x86.Build.0 = Release|Win32
	EndGlobalSection
	GlobalSection(SolutionProperties) = preSolution
		HideSolutionNode = FALSE
	EndGlobalSection
	GlobalSection(ExtensibilityGlobals) = postSolution
		SolutionGuid = {2EE175B6-563C-4E42-807F-D2771D97E411}
	EndGlobalSection
EndGlobal
